// !$*UTF8*$!
{
	archiveVersion = 1;
	classes = {
	};
	objectVersion = 50;
	objects = {

/* Begin PBXBuildFile section */
		992F7CFB23051624005B8663 /* AppDelegate.swift in Sources */ = {isa = PBXBuildFile; fileRef = 992F7CFA23051624005B8663 /* AppDelegate.swift */; };
		992F7CFD23051624005B8663 /* ViewController.swift in Sources */ = {isa = PBXBuildFile; fileRef = 992F7CFC23051624005B8663 /* ViewController.swift */; };
		992F7D0023051624005B8663 /* Main.storyboard in Resources */ = {isa = PBXBuildFile; fileRef = 992F7CFE23051624005B8663 /* Main.storyboard */; };
		992F7D022305162A005B8663 /* Assets.xcassets in Resources */ = {isa = PBXBuildFile; fileRef = 992F7D012305162A005B8663 /* Assets.xcassets */; };
		992F7D052305162A005B8663 /* LaunchScreen.storyboard in Resources */ = {isa = PBXBuildFile; fileRef = 992F7D032305162A005B8663 /* LaunchScreen.storyboard */; };
		992F7D0D230518DC005B8663 /* ApiManager.swift in Sources */ = {isa = PBXBuildFile; fileRef = 992F7D0C230518DC005B8663 /* ApiManager.swift */; };
		992F7D1223052349005B8663 /* Photo.swift in Sources */ = {isa = PBXBuildFile; fileRef = 992F7D1123052349005B8663 /* Photo.swift */; };
		992F7D162305697D005B8663 /* TableViewCell.swift in Sources */ = {isa = PBXBuildFile; fileRef = 992F7D142305697D005B8663 /* TableViewCell.swift */; };
		992F7D172305697D005B8663 /* TableViewCell.xib in Resources */ = {isa = PBXBuildFile; fileRef = 992F7D152305697D005B8663 /* TableViewCell.xib */; };
		FA31D5B54702D8E101506481 /* Pods_ExampleOfUITableViewDataSourcePrefetching.framework in Frameworks */ = {isa = PBXBuildFile; fileRef = 6FA52BC1D0EFBD5075F4ACCF /* Pods_ExampleOfUITableViewDataSourcePrefetching.framework */; };
/* End PBXBuildFile section */

/* Begin PBXFileReference section */
		6D83B1AD467CC11D8A6517A2 /* Pods-ExampleOfUITableViewDataSourcePrefetching.debug.xcconfig */ = {isa = PBXFileReference; includeInIndex = 1; lastKnownFileType = text.xcconfig; name = "Pods-ExampleOfUITableViewDataSourcePrefetching.debug.xcconfig"; path = "Target Support Files/Pods-ExampleOfUITableViewDataSourcePrefetching/Pods-ExampleOfUITableViewDataSourcePrefetching.debug.xcconfig"; sourceTree = "<group>"; };
		6FA52BC1D0EFBD5075F4ACCF /* Pods_ExampleOfUITableViewDataSourcePrefetching.framework */ = {isa = PBXFileReference; explicitFileType = wrapper.framework; includeInIndex = 0; path = Pods_ExampleOfUITableViewDataSourcePrefetching.framework; sourceTree = BUILT_PRODUCTS_DIR; };
		992F7CF723051624005B8663 /* ExampleOfUITableViewDataSourcePrefetching.app */ = {isa = PBXFileReference; explicitFileType = wrapper.application; includeInIndex = 0; path = ExampleOfUITableViewDataSourcePrefetching.app; sourceTree = BUILT_PRODUCTS_DIR; };
		992F7CFA23051624005B8663 /* AppDelegate.swift */ = {isa = PBXFileReference; lastKnownFileType = sourcecode.swift; path = AppDelegate.swift; sourceTree = "<group>"; };
		992F7CFC23051624005B8663 /* ViewController.swift */ = {isa = PBXFileReference; lastKnownFileType = sourcecode.swift; path = ViewController.swift; sourceTree = "<group>"; };
		992F7CFF23051624005B8663 /* Base */ = {isa = PBXFileReference; lastKnownFileType = file.storyboard; name = Base; path = Base.lproj/Main.storyboard; sourceTree = "<group>"; };
		992F7D012305162A005B8663 /* Assets.xcassets */ = {isa = PBXFileReference; lastKnownFileType = folder.assetcatalog; path = Assets.xcassets; sourceTree = "<group>"; };
		992F7D042305162A005B8663 /* Base */ = {isa = PBXFileReference; lastKnownFileType = file.storyboard; name = Base; path = Base.lproj/LaunchScreen.storyboard; sourceTree = "<group>"; };
		992F7D062305162A005B8663 /* Info.plist */ = {isa = PBXFileReference; lastKnownFileType = text.plist.xml; path = Info.plist; sourceTree = "<group>"; };
		992F7D0C230518DC005B8663 /* ApiManager.swift */ = {isa = PBXFileReference; lastKnownFileType = sourcecode.swift; name = ApiManager.swift; path = ../ApiManager.swift; sourceTree = "<group>"; };
		992F7D1123052349005B8663 /* Photo.swift */ = {isa = PBXFileReference; lastKnownFileType = sourcecode.swift; path = Photo.swift; sourceTree = "<group>"; };
		992F7D142305697D005B8663 /* TableViewCell.swift */ = {isa = PBXFileReference; lastKnownFileType = sourcecode.swift; path = TableViewCell.swift; sourceTree = "<group>"; };
		992F7D152305697D005B8663 /* TableViewCell.xib */ = {isa = PBXFileReference; lastKnownFileType = file.xib; path = TableViewCell.xib; sourceTree = "<group>"; };
		A066657EAE50EBC53E17476A /* Pods-ExampleOfUITableViewDataSourcePrefetching.release.xcconfig */ = {isa = PBXFileReference; includeInIndex = 1; lastKnownFileType = text.xcconfig; name = "Pods-ExampleOfUITableViewDataSourcePrefetching.release.xcconfig"; path = "Target Support Files/Pods-ExampleOfUITableViewDataSourcePrefetching/Pods-ExampleOfUITableViewDataSourcePrefetching.release.xcconfig"; sourceTree = "<group>"; };
/* End PBXFileReference section */

/* Begin PBXFrameworksBuildPhase section */
		992F7CF423051624005B8663 /* Frameworks */ = {
			isa = PBXFrameworksBuildPhase;
			buildActionMask = 2147483647;
			files = (
				FA31D5B54702D8E101506481 /* Pods_ExampleOfUITableViewDataSourcePrefetching.framework in Frameworks */,
			);
			runOnlyForDeploymentPostprocessing = 0;
		};
/* End PBXFrameworksBuildPhase section */

/* Begin PBXGroup section */
		4E78FDFF8262DE849F7EB9E3 /* Frameworks */ = {
			isa = PBXGroup;
			children = (
				6FA52BC1D0EFBD5075F4ACCF /* Pods_ExampleOfUITableViewDataSourcePrefetching.framework */,
			);
			name = Frameworks;
			sourceTree = "<group>";
		};
		992F7CEE23051624005B8663 = {
			isa = PBXGroup;
			children = (
				992F7CF923051624005B8663 /* ExampleOfUITableViewDataSourcePrefetching */,
				992F7CF823051624005B8663 /* Products */,
				D2BC5D63EC522513E3BFB569 /* Pods */,
				4E78FDFF8262DE849F7EB9E3 /* Frameworks */,
			);
			sourceTree = "<group>";
		};
		992F7CF823051624005B8663 /* Products */ = {
			isa = PBXGroup;
			children = (
				992F7CF723051624005B8663 /* ExampleOfUITableViewDataSourcePrefetching.app */,
			);
			name = Products;
			sourceTree = "<group>";
		};
		992F7CF923051624005B8663 /* ExampleOfUITableViewDataSourcePrefetching */ = {
			isa = PBXGroup;
			children = (
				992F7D0E23051EA0005B8663 /* Helpers */,
				992F7CFA23051624005B8663 /* AppDelegate.swift */,
				992F7CFC23051624005B8663 /* ViewController.swift */,
				992F7CFE23051624005B8663 /* Main.storyboard */,
				992F7D012305162A005B8663 /* Assets.xcassets */,
				992F7D032305162A005B8663 /* LaunchScreen.storyboard */,
				992F7D062305162A005B8663 /* Info.plist */,
				992F7D142305697D005B8663 /* TableViewCell.swift */,
				992F7D152305697D005B8663 /* TableViewCell.xib */,
			);
			path = ExampleOfUITableViewDataSourcePrefetching;
			sourceTree = "<group>";
		};
		992F7D0E23051EA0005B8663 /* Helpers */ = {
			isa = PBXGroup;
			children = (
				992F7D0C230518DC005B8663 /* ApiManager.swift */,
				992F7D1123052349005B8663 /* Photo.swift */,
			);
			path = Helpers;
			sourceTree = "<group>";
		};
		D2BC5D63EC522513E3BFB569 /* Pods */ = {
			isa = PBXGroup;
			children = (
				6D83B1AD467CC11D8A6517A2 /* Pods-ExampleOfUITableViewDataSourcePrefetching.debug.xcconfig */,
				A066657EAE50EBC53E17476A /* Pods-ExampleOfUITableViewDataSourcePrefetching.release.xcconfig */,
			);
			path = Pods;
			sourceTree = "<group>";
		};
/* End PBXGroup section */

/* Begin PBXNativeTarget section */
		992F7CF623051624005B8663 /* ExampleOfUITableViewDataSourcePrefetching */ = {
			isa = PBXNativeTarget;
			buildConfigurationList = 992F7D092305162A005B8663 /* Build configuration list for PBXNativeTarget "ExampleOfUITableViewDataSourcePrefetching" */;
			buildPhases = (
				9F3589AA4D957E084BDC8759 /* [CP] Check Pods Manifest.lock */,
				992F7CF323051624005B8663 /* Sources */,
				992F7CF423051624005B8663 /* Frameworks */,
				992F7CF523051624005B8663 /* Resources */,
				D5AE966B0E2F28A6A57147B6 /* [CP] Embed Pods Frameworks */,
			);
			buildRules = (
			);
			dependencies = (
			);
			name = ExampleOfUITableViewDataSourcePrefetching;
			productName = ExampleOfUITableViewDataSourcePrefetching;
			productReference = 992F7CF723051624005B8663 /* ExampleOfUITableViewDataSourcePrefetching.app */;
			productType = "com.apple.product-type.application";
		};
/* End PBXNativeTarget section */

/* Begin PBXProject section */
		992F7CEF23051624005B8663 /* Project object */ = {
			isa = PBXProject;
			attributes = {
				LastSwiftUpdateCheck = 1030;
				LastUpgradeCheck = 1030;
				ORGANIZATIONNAME = sungwon;
				TargetAttributes = {
					992F7CF623051624005B8663 = {
						CreatedOnToolsVersion = 10.3;
					};
				};
			};
			buildConfigurationList = 992F7CF223051624005B8663 /* Build configuration list for PBXProject "ExampleOfUITableViewDataSourcePrefetching" */;
			compatibilityVersion = "Xcode 9.3";
			developmentRegion = en;
			hasScannedForEncodings = 0;
			knownRegions = (
				en,
				Base,
			);
			mainGroup = 992F7CEE23051624005B8663;
			productRefGroup = 992F7CF823051624005B8663 /* Products */;
			projectDirPath = "";
			projectRoot = "";
			targets = (
				992F7CF623051624005B8663 /* ExampleOfUITableViewDataSourcePrefetching */,
			);
		};
/* End PBXProject section */

/* Begin PBXResourcesBuildPhase section */
		992F7CF523051624005B8663 /* Resources */ = {
			isa = PBXResourcesBuildPhase;
			buildActionMask = 2147483647;
			files = (
				992F7D052305162A005B8663 /* LaunchScreen.storyboard in Resources */,
				992F7D172305697D005B8663 /* TableViewCell.xib in Resources */,
				992F7D022305162A005B8663 /* Assets.xcassets in Resources */,
				992F7D0023051624005B8663 /* Main.storyboard in Resources */,
			);
			runOnlyForDeploymentPostprocessing = 0;
		};
/* End PBXResourcesBuildPhase section */

/* Begin PBXShellScriptBuildPhase section */
		9F3589AA4D957E084BDC8759 /* [CP] Check Pods Manifest.lock */ = {
			isa = PBXShellScriptBuildPhase;
			buildActionMask = 2147483647;
			files = (
			);
			inputFileListPaths = (
			);
			inputPaths = (
				"${PODS_PODFILE_DIR_PATH}/Podfile.lock",
				"${PODS_ROOT}/Manifest.lock",
			);
			name = "[CP] Check Pods Manifest.lock";
			outputFileListPaths = (
			);
			outputPaths = (
				"$(DERIVED_FILE_DIR)/Pods-ExampleOfUITableViewDataSourcePrefetching-checkManifestLockResult.txt",
			);
			runOnlyForDeploymentPostprocessing = 0;
			shellPath = /bin/sh;
			shellScript = "diff \"${PODS_PODFILE_DIR_PATH}/Podfile.lock\" \"${PODS_ROOT}/Manifest.lock\" > /dev/null\nif [ $? != 0 ] ; then\n    # print error to STDERR\n    echo \"error: The sandbox is not in sync with the Podfile.lock. Run 'pod install' or update your CocoaPods installation.\" >&2\n    exit 1\nfi\n# This output is used by Xcode 'outputs' to avoid re-running this script phase.\necho \"SUCCESS\" > \"${SCRIPT_OUTPUT_FILE_0}\"\n";
			showEnvVarsInLog = 0;
		};
		D5AE966B0E2F28A6A57147B6 /* [CP] Embed Pods Frameworks */ = {
			isa = PBXShellScriptBuildPhase;
			buildActionMask = 2147483647;
			files = (
			);
			inputFileListPaths = (
			);
			inputPaths = (
				"${PODS_ROOT}/Target Support Files/Pods-ExampleOfUITableViewDataSourcePrefetching/Pods-ExampleOfUITableViewDataSourcePrefetching-frameworks.sh",
				"${BUILT_PRODUCTS_DIR}/SDWebImage/SDWebImage.framework",
			);
			name = "[CP] Embed Pods Frameworks";
			outputFileListPaths = (
			);
			outputPaths = (
				"${TARGET_BUILD_DIR}/${FRAMEWORKS_FOLDER_PATH}/SDWebImage.framework",
			);
			runOnlyForDeploymentPostprocessing = 0;
			shellPath = /bin/sh;
			shellScript = "\"${PODS_ROOT}/Target Support Files/Pods-ExampleOfUITableViewDataSourcePrefetching/Pods-ExampleOfUITableViewDataSourcePrefetching-frameworks.sh\"\n";
			showEnvVarsInLog = 0;
		};
/* End PBXShellScriptBuildPhase section */

/* Begin PBXSourcesBuildPhase section */
		992F7CF323051624005B8663 /* Sources */ = {
			isa = PBXSourcesBuildPhase;
			buildActionMask = 2147483647;
			files = (
				992F7D162305697D005B8663 /* TableViewCell.swift in Sources */,
				992F7D1223052349005B8663 /* Photo.swift in Sources */,
				992F7CFD23051624005B8663 /* ViewController.swift in Sources */,
				992F7D0D230518DC005B8663 /* ApiManager.swift in Sources */,
				992F7CFB23051624005B8663 /* AppDelegate.swift in Sources */,
			);
			runOnlyForDeploymentPostprocessing = 0;
		};
/* End PBXSourcesBuildPhase section */

/* Begin PBXVariantGroup section */
		992F7CFE23051624005B8663 /* Main.storyboard */ = {
			isa = PBXVariantGroup;
			children = (
				992F7CFF23051624005B8663 /* Base */,
			);
			name = Main.storyboard;
			sourceTree = "<group>";
		};
		992F7D032305162A005B8663 /* LaunchScreen.storyboard */ = {
			isa = PBXVariantGroup;
			children = (
				992F7D042305162A005B8663 /* Base */,
			);
			name = LaunchScreen.storyboard;
			sourceTree = "<group>";
		};
/* End PBXVariantGroup section */

/* Begin XCBuildConfiguration section */
		992F7D072305162A005B8663 /* Debug */ = {
			isa = XCBuildConfiguration;
			buildSettings = {
				ALWAYS_SEARCH_USER_PATHS = NO;
				CLANG_ANALYZER_NONNULL = YES;
				CLANG_ANALYZER_NUMBER_OBJECT_CONVERSION = YES_AGGRESSIVE;
				CLANG_CXX_LANGUAGE_STANDARD = "gnu++14";
				CLANG_CXX_LIBRARY = "libc++";
				CLANG_ENABLE_MODULES = YES;
				CLANG_ENABLE_OBJC_ARC = YES;
				CLANG_ENABLE_OBJC_WEAK = YES;
				CLANG_WARN_BLOCK_CAPTURE_AUTORELEASING = YES;
				CLANG_WARN_BOOL_CONVERSION = YES;
				CLANG_WARN_COMMA = YES;
				CLANG_WARN_CONSTANT_CONVERSION = YES;
				CLANG_WARN_DEPRECATED_OBJC_IMPLEMENTATIONS = YES;
				CLANG_WARN_DIRECT_OBJC_ISA_USAGE = YES_ERROR;
				CLANG_WARN_DOCUMENTATION_COMMENTS = YES;
				CLANG_WARN_EMPTY_BODY = YES;
				CLANG_WARN_ENUM_CONVERSION = YES;
				CLANG_WARN_INFINITE_RECURSION = YES;
				CLANG_WARN_INT_CONVERSION = YES;
				CLANG_WARN_NON_LITERAL_NULL_CONVERSION = YES;
				CLANG_WARN_OBJC_IMPLICIT_RETAIN_SELF = YES;
				CLANG_WARN_OBJC_LITERAL_CONVERSION = YES;
				CLANG_WARN_OBJC_ROOT_CLASS = YES_ERROR;
				CLANG_WARN_RANGE_LOOP_ANALYSIS = YES;
				CLANG_WARN_STRICT_PROTOTYPES = YES;
				CLANG_WARN_SUSPICIOUS_MOVE = YES;
				CLANG_WARN_UNGUARDED_AVAILABILITY = YES_AGGRESSIVE;
				CLANG_WARN_UNREACHABLE_CODE = YES;
				CLANG_WARN__DUPLICATE_METHOD_MATCH = YES;
				CODE_SIGN_IDENTITY = "iPhone Developer";
				COPY_PHASE_STRIP = NO;
				DEBUG_INFORMATION_FORMAT = dwarf;
				ENABLE_STRICT_OBJC_MSGSEND = YES;
				ENABLE_TESTABILITY = YES;
				GCC_C_LANGUAGE_STANDARD = gnu11;
				GCC_DYNAMIC_NO_PIC = NO;
				GCC_NO_COMMON_BLOCKS = YES;
				GCC_OPTIMIZATION_LEVEL = 0;
				GCC_PREPROCESSOR_DEFINITIONS = (
					"DEBUG=1",
					"$(inherited)",
				);
				GCC_WARN_64_TO_32_BIT_CONVERSION = YES;
				GCC_WARN_ABOUT_RETURN_TYPE = YES_ERROR;
				GCC_WARN_UNDECLARED_SELECTOR = YES;
				GCC_WARN_UNINITIALIZED_AUTOS = YES_AGGRESSIVE;
				GCC_WARN_UNUSED_FUNCTION = YES;
				GCC_WARN_UNUSED_VARIABLE = YES;
				IPHONEOS_DEPLOYMENT_TARGET = 12.4;
				MTL_ENABLE_DEBUG_INFO = INCLUDE_SOURCE;
				MTL_FAST_MATH = YES;
				ONLY_ACTIVE_ARCH = YES;
				SDKROOT = iphoneos;
				SWIFT_ACTIVE_COMPILATION_CONDITIONS = DEBUG;
				SWIFT_OPTIMIZATION_LEVEL = "-Onone";
			};
			name = Debug;
		};
		992F7D082305162A005B8663 /* Release */ = {
			isa = XCBuildConfiguration;
			buildSettings = {
				ALWAYS_SEARCH_USER_PATHS = NO;
				CLANG_ANALYZER_NONNULL = YES;
				CLANG_ANALYZER_NUMBER_OBJECT_CONVERSION = YES_AGGRESSIVE;
				CLANG_CXX_LANGUAGE_STANDARD = "gnu++14";
				CLANG_CXX_LIBRARY = "libc++";
				CLANG_ENABLE_MODULES = YES;
				CLANG_ENABLE_OBJC_ARC = YES;
				CLANG_ENABLE_OBJC_WEAK = YES;
				CLANG_WARN_BLOCK_CAPTURE_AUTORELEASING = YES;
				CLANG_WARN_BOOL_CONVERSION = YES;
				CLANG_WARN_COMMA = YES;
				CLANG_WARN_CONSTANT_CONVERSION = YES;
				CLANG_WARN_DEPRECATED_OBJC_IMPLEMENTATIONS = YES;
				CLANG_WARN_DIRECT_OBJC_ISA_USAGE = YES_ERROR;
				CLANG_WARN_DOCUMENTATION_COMMENTS = YES;
				CLANG_WARN_EMPTY_BODY = YES;
				CLANG_WARN_ENUM_CONVERSION = YES;
				CLANG_WARN_INFINITE_RECURSION = YES;
				CLANG_WARN_INT_CONVERSION = YES;
				CLANG_WARN_NON_LITERAL_NULL_CONVERSION = YES;
				CLANG_WARN_OBJC_IMPLICIT_RETAIN_SELF = YES;
				CLANG_WARN_OBJC_LITERAL_CONVERSION = YES;
				CLANG_WARN_OBJC_ROOT_CLASS = YES_ERROR;
				CLANG_WARN_RANGE_LOOP_ANALYSIS = YES;
				CLANG_WARN_STRICT_PROTOTYPES = YES;
				CLANG_WARN_SUSPICIOUS_MOVE = YES;
				CLANG_WARN_UNGUARDED_AVAILABILITY = YES_AGGRESSIVE;
				CLANG_WARN_UNREACHABLE_CODE = YES;
				CLANG_WARN__DUPLICATE_METHOD_MATCH = YES;
				CODE_SIGN_IDENTITY = "iPhone Developer";
				COPY_PHASE_STRIP = NO;
				DEBUG_INFORMATION_FORMAT = "dwarf-with-dsym";
				ENABLE_NS_ASSERTIONS = NO;
				ENABLE_STRICT_OBJC_MSGSEND = YES;
				GCC_C_LANGUAGE_STANDARD = gnu11;
				GCC_NO_COMMON_BLOCKS = YES;
				GCC_WARN_64_TO_32_BIT_CONVERSION = YES;
				GCC_WARN_ABOUT_RETURN_TYPE = YES_ERROR;
				GCC_WARN_UNDECLARED_SELECTOR = YES;
				GCC_WARN_UNINITIALIZED_AUTOS = YES_AGGRESSIVE;
				GCC_WARN_UNUSED_FUNCTION = YES;
				GCC_WARN_UNUSED_VARIABLE = YES;
				IPHONEOS_DEPLOYMENT_TARGET = 12.4;
				MTL_ENABLE_DEBUG_INFO = NO;
				MTL_FAST_MATH = YES;
				SDKROOT = iphoneos;
				SWIFT_COMPILATION_MODE = wholemodule;
				SWIFT_OPTIMIZATION_LEVEL = "-O";
				VALIDATE_PRODUCT = YES;
			};
			name = Release;
		};
		992F7D0A2305162A005B8663 /* Debug */ = {
			isa = XCBuildConfiguration;
			baseConfigurationReference = 6D83B1AD467CC11D8A6517A2 /* Pods-ExampleOfUITableViewDataSourcePrefetching.debug.xcconfig */;
			buildSettings = {
				ASSETCATALOG_COMPILER_APPICON_NAME = AppIcon;
				CODE_SIGN_STYLE = Manual;
				DEVELOPMENT_TEAM = "";
				INFOPLIST_FILE = ExampleOfUITableViewDataSourcePrefetching/Info.plist;
				LD_RUNPATH_SEARCH_PATHS = (
					"$(inherited)",
					"@executable_path/Frameworks",
				);
				PRODUCT_BUNDLE_IDENTIFIER = com.sungwon.ExampleOfUITableViewDataSourcePrefetching;
				PRODUCT_NAME = "$(TARGET_NAME)";
				PROVISIONING_PROFILE_SPECIFIER = "";
				SWIFT_VERSION = 5.0;
				TARGETED_DEVICE_FAMILY = "1,2";
			};
			name = Debug;
		};
		992F7D0B2305162A005B8663 /* Release */ = {
			isa = XCBuildConfiguration;
			baseConfigurationReference = A066657EAE50EBC53E17476A /* Pods-ExampleOfUITableViewDataSourcePrefetching.release.xcconfig */;
			buildSettings = {
				ASSETCATALOG_COMPILER_APPICON_NAME = AppIcon;
				CODE_SIGN_STYLE = Manual;
				DEVELOPMENT_TEAM = "";
				INFOPLIST_FILE = ExampleOfUITableViewDataSourcePrefetching/Info.plist;
				LD_RUNPATH_SEARCH_PATHS = (
					"$(inherited)",
					"@executable_path/Frameworks",
				);
				PRODUCT_BUNDLE_IDENTIFIER = com.sungwon.ExampleOfUITableViewDataSourcePrefetching;
				PRODUCT_NAME = "$(TARGET_NAME)";
				PROVISIONING_PROFILE_SPECIFIER = "";
				SWIFT_VERSION = 5.0;
				TARGETED_DEVICE_FAMILY = "1,2";
			};
			name = Release;
		};
/* End XCBuildConfiguration section */

/* Begin XCConfigurationList section */
		992F7CF223051624005B8663 /* Build configuration list for PBXProject "ExampleOfUITableViewDataSourcePrefetching" */ = {
			isa = XCConfigurationList;
			buildConfigurations = (
				992F7D072305162A005B8663 /* Debug */,
				992F7D082305162A005B8663 /* Release */,
			);
			defaultConfigurationIsVisible = 0;
			defaultConfigurationName = Release;
		};
		992F7D092305162A005B8663 /* Build configuration list for PBXNativeTarget "ExampleOfUITableViewDataSourcePrefetching" */ = {
			isa = XCConfigurationList;
			buildConfigurations = (
				992F7D0A2305162A005B8663 /* Debug */,
				992F7D0B2305162A005B8663 /* Release */,
			);
			defaultConfigurationIsVisible = 0;
			defaultConfigurationName = Release;
		};
/* End XCConfigurationList section */
	};
	rootObject = 992F7CEF23051624005B8663 /* Project object */;
}
